// !$*UTF8*$!
{
	archiveVersion = 1;
	classes = {
	};
	objectVersion = 46;
	objects = {

/* Begin PBXBuildFile section */
		3034EDD91C56428F0049BB2E /* AppDelegate.swift in Sources */ = {isa = PBXBuildFile; fileRef = 3034EDD81C56428F0049BB2E /* AppDelegate.swift */; };
		3034EDDB1C56428F0049BB2E /* ResultViewController.swift in Sources */ = {isa = PBXBuildFile; fileRef = 3034EDDA1C56428F0049BB2E /* ResultViewController.swift */; };
		3034EDDE1C56428F0049BB2E /* Main.storyboard in Resources */ = {isa = PBXBuildFile; fileRef = 3034EDDC1C56428F0049BB2E /* Main.storyboard */; };
		3034EDE01C56428F0049BB2E /* Assets.xcassets in Resources */ = {isa = PBXBuildFile; fileRef = 3034EDDF1C56428F0049BB2E /* Assets.xcassets */; };
		3034EDE31C56428F0049BB2E /* LaunchScreen.storyboard in Resources */ = {isa = PBXBuildFile; fileRef = 3034EDE11C56428F0049BB2E /* LaunchScreen.storyboard */; };
		3034EDEE1C5642900049BB2E /* playRoshamboTests.swift in Sources */ = {isa = PBXBuildFile; fileRef = 3034EDED1C5642900049BB2E /* playRoshamboTests.swift */; };
		3034EDF91C5642900049BB2E /* playRoshamboUITests.swift in Sources */ = {isa = PBXBuildFile; fileRef = 3034EDF81C5642900049BB2E /* playRoshamboUITests.swift */; };
		3034EE071C564CD90049BB2E /* ViewController.swift in Sources */ = {isa = PBXBuildFile; fileRef = 3034EE061C564CD90049BB2E /* ViewController.swift */; };
/* End PBXBuildFile section */

/* Begin PBXContainerItemProxy section */
		3034EDEA1C5642900049BB2E /* PBXContainerItemProxy */ = {
			isa = PBXContainerItemProxy;
			containerPortal = 3034EDCD1C56428F0049BB2E /* Project object */;
			proxyType = 1;
			remoteGlobalIDString = 3034EDD41C56428F0049BB2E;
			remoteInfo = playRoshambo;
		};
		3034EDF51C5642900049BB2E /* PBXContainerItemProxy */ = {
			isa = PBXContainerItemProxy;
			containerPortal = 3034EDCD1C56428F0049BB2E /* Project object */;
			proxyType = 1;
			remoteGlobalIDString = 3034EDD41C56428F0049BB2E;
			remoteInfo = playRoshambo;
		};
/* End PBXContainerItemProxy section */

/* Begin PBXFileReference section */
		3034EDD51C56428F0049BB2E /* playRoshambo.app */ = {isa = PBXFileReference; explicitFileType = wrapper.application; includeInIndex = 0; path = playRoshambo.app; sourceTree = BUILT_PRODUCTS_DIR; };
		3034EDD81C56428F0049BB2E /* AppDelegate.swift */ = {isa = PBXFileReference; lastKnownFileType = sourcecode.swift; path = AppDelegate.swift; sourceTree = "<group>"; };
		3034EDDA1C56428F0049BB2E /* ResultViewController.swift */ = {isa = PBXFileReference; lastKnownFileType = sourcecode.swift; path = ResultViewController.swift; sourceTree = "<group>"; };
		3034EDDD1C56428F0049BB2E /* Base */ = {isa = PBXFileReference; lastKnownFileType = file.storyboard; name = Base; path = Base.lproj/Main.storyboard; sourceTree = "<group>"; };
		3034EDDF1C56428F0049BB2E /* Assets.xcassets */ = {isa = PBXFileReference; lastKnownFileType = folder.assetcatalog; path = Assets.xcassets; sourceTree = "<group>"; };
		3034EDE21C56428F0049BB2E /* Base */ = {isa = PBXFileReference; lastKnownFileType = file.storyboard; name = Base; path = Base.lproj/LaunchScreen.storyboard; sourceTree = "<group>"; };
		3034EDE41C56428F0049BB2E /* Info.plist */ = {isa = PBXFileReference; lastKnownFileType = text.plist.xml; path = Info.plist; sourceTree = "<group>"; };
		3034EDE91C5642900049BB2E /* playRoshamboTests.xctest */ = {isa = PBXFileReference; explicitFileType = wrapper.cfbundle; includeInIndex = 0; path = playRoshamboTests.xctest; sourceTree = BUILT_PRODUCTS_DIR; };
		3034EDED1C5642900049BB2E /* playRoshamboTests.swift */ = {isa = PBXFileReference; lastKnownFileType = sourcecode.swift; path = playRoshamboTests.swift; sourceTree = "<group>"; };
		3034EDEF1C5642900049BB2E /* Info.plist */ = {isa = PBXFileReference; lastKnownFileType = text.plist.xml; path = Info.plist; sourceTree = "<group>"; };
		3034EDF41C5642900049BB2E /* playRoshamboUITests.xctest */ = {isa = PBXFileReference; explicitFileType = wrapper.cfbundle; includeInIndex = 0; path = playRoshamboUITests.xctest; sourceTree = BUILT_PRODUCTS_DIR; };
		3034EDF81C5642900049BB2E /* playRoshamboUITests.swift */ = {isa = PBXFileReference; lastKnownFileType = sourcecode.swift; path = playRoshamboUITests.swift; sourceTree = "<group>"; };
		3034EDFA1C5642900049BB2E /* Info.plist */ = {isa = PBXFileReference; lastKnownFileType = text.plist.xml; path = Info.plist; sourceTree = "<group>"; };
		3034EE061C564CD90049BB2E /* ViewController.swift */ = {isa = PBXFileReference; fileEncoding = 4; lastKnownFileType = sourcecode.swift; path = ViewController.swift; sourceTree = "<group>"; };
/* End PBXFileReference section */

/* Begin PBXFrameworksBuildPhase section */
		3034EDD21C56428F0049BB2E /* Frameworks */ = {
			isa = PBXFrameworksBuildPhase;
			buildActionMask = 2147483647;
			files = (
			);
			runOnlyForDeploymentPostprocessing = 0;
		};
		3034EDE61C5642900049BB2E /* Frameworks */ = {
			isa = PBXFrameworksBuildPhase;
			buildActionMask = 2147483647;
			files = (
			);
			runOnlyForDeploymentPostprocessing = 0;
		};
		3034EDF11C5642900049BB2E /* Frameworks */ = {
			isa = PBXFrameworksBuildPhase;
			buildActionMask = 2147483647;
			files = (
			);
			runOnlyForDeploymentPostprocessing = 0;
		};
/* End PBXFrameworksBuildPhase section */

/* Begin PBXGroup section */
		3034EDCC1C56428F0049BB2E = {
			isa = PBXGroup;
			children = (
				3034EDD71C56428F0049BB2E /* playRoshambo */,
				3034EDEC1C5642900049BB2E /* playRoshamboTests */,
				3034EDF71C5642900049BB2E /* playRoshamboUITests */,
				3034EDD61C56428F0049BB2E /* Products */,
			);
			sourceTree = "<group>";
		};
		3034EDD61C56428F0049BB2E /* Products */ = {
			isa = PBXGroup;
			children = (
				3034EDD51C56428F0049BB2E /* playRoshambo.app */,
				3034EDE91C5642900049BB2E /* playRoshamboTests.xctest */,
				3034EDF41C5642900049BB2E /* playRoshamboUITests.xctest */,
			);
			name = Products;
			sourceTree = "<group>";
		};
		3034EDD71C56428F0049BB2E /* playRoshambo */ = {
			isa = PBXGroup;
			children = (
				3034EDD81C56428F0049BB2E /* AppDelegate.swift */,
				3034EDDA1C56428F0049BB2E /* ResultViewController.swift */,
				3034EE061C564CD90049BB2E /* ViewController.swift */,
				3034EDDC1C56428F0049BB2E /* Main.storyboard */,
				3034EDDF1C56428F0049BB2E /* Assets.xcassets */,
				3034EDE11C56428F0049BB2E /* LaunchScreen.storyboard */,
				3034EDE41C56428F0049BB2E /* Info.plist */,
			);
			path = playRoshambo;
			sourceTree = "<group>";
		};
		3034EDEC1C5642900049BB2E /* playRoshamboTests */ = {
			isa = PBXGroup;
			children = (
				3034EDED1C5642900049BB2E /* playRoshamboTests.swift */,
				3034EDEF1C5642900049BB2E /* Info.plist */,
			);
			path = playRoshamboTests;
			sourceTree = "<group>";
		};
		3034EDF71C5642900049BB2E /* playRoshamboUITests */ = {
			isa = PBXGroup;
			children = (
				3034EDF81C5642900049BB2E /* playRoshamboUITests.swift */,
				3034EDFA1C5642900049BB2E /* Info.plist */,
			);
			path = playRoshamboUITests;
			sourceTree = "<group>";
		};
/* End PBXGroup section */

/* Begin PBXNativeTarget section */
		3034EDD41C56428F0049BB2E /* playRoshambo */ = {
			isa = PBXNativeTarget;
			buildConfigurationList = 3034EDFD1C5642900049BB2E /* Build configuration list for PBXNativeTarget "playRoshambo" */;
			buildPhases = (
				3034EDD11C56428F0049BB2E /* Sources */,
				3034EDD21C56428F0049BB2E /* Frameworks */,
				3034EDD31C56428F0049BB2E /* Resources */,
			);
			buildRules = (
			);
			dependencies = (
			);
			name = playRoshambo;
			productName = playRoshambo;
			productReference = 3034EDD51C56428F0049BB2E /* playRoshambo.app */;
			productType = "com.apple.product-type.application";
		};
		3034EDE81C5642900049BB2E /* playRoshamboTests */ = {
			isa = PBXNativeTarget;
			buildConfigurationList = 3034EE001C5642900049BB2E /* Build configuration list for PBXNativeTarget "playRoshamboTests" */;
			buildPhases = (
				3034EDE51C5642900049BB2E /* Sources */,
				3034EDE61C5642900049BB2E /* Frameworks */,
				3034EDE71C5642900049BB2E /* Resources */,
			);
			buildRules = (
			);
			dependencies = (
				3034EDEB1C5642900049BB2E /* PBXTargetDependency */,
			);
			name = playRoshamboTests;
			productName = playRoshamboTests;
			productReference = 3034EDE91C5642900049BB2E /* playRoshamboTests.xctest */;
			productType = "com.apple.product-type.bundle.unit-test";
		};
		3034EDF31C5642900049BB2E /* playRoshamboUITests */ = {
			isa = PBXNativeTarget;
			buildConfigurationList = 3034EE031C5642900049BB2E /* Build configuration list for PBXNativeTarget "playRoshamboUITests" */;
			buildPhases = (
				3034EDF01C5642900049BB2E /* Sources */,
				3034EDF11C5642900049BB2E /* Frameworks */,
				3034EDF21C5642900049BB2E /* Resources */,
			);
			buildRules = (
			);
			dependencies = (
				3034EDF61C5642900049BB2E /* PBXTargetDependency */,
			);
			name = playRoshamboUITests;
			productName = playRoshamboUITests;
			productReference = 3034EDF41C5642900049BB2E /* playRoshamboUITests.xctest */;
			productType = "com.apple.product-type.bundle.ui-testing";
		};
/* End PBXNativeTarget section */

/* Begin PBXProject section */
		3034EDCD1C56428F0049BB2E /* Project object */ = {
			isa = PBXProject;
			attributes = {
				LastSwiftUpdateCheck = 0720;
				LastUpgradeCheck = 0720;
				ORGANIZATIONNAME = "Roman Ustiantcev";
				TargetAttributes = {
					3034EDD41C56428F0049BB2E = {
						CreatedOnToolsVersion = 7.2;
						DevelopmentTeam = NVMU6WZ9AZ;
					};
					3034EDE81C5642900049BB2E = {
						CreatedOnToolsVersion = 7.2;
						DevelopmentTeam = NVMU6WZ9AZ;
						TestTargetID = 3034EDD41C56428F0049BB2E;
					};
					3034EDF31C5642900049BB2E = {
						CreatedOnToolsVersion = 7.2;
						DevelopmentTeam = NVMU6WZ9AZ;
						TestTargetID = 3034EDD41C56428F0049BB2E;
					};
				};
			};
			buildConfigurationList = 3034EDD01C56428F0049BB2E /* Build configuration list for PBXProject "playRoshambo" */;
			compatibilityVersion = "Xcode 3.2";
			developmentRegion = English;
			hasScannedForEncodings = 0;
			knownRegions = (
				en,
				Base,
			);
			mainGroup = 3034EDCC1C56428F0049BB2E;
			productRefGroup = 3034EDD61C56428F0049BB2E /* Products */;
			projectDirPath = "";
			projectRoot = "";
			targets = (
				3034EDD41C56428F0049BB2E /* playRoshambo */,
				3034EDE81C5642900049BB2E /* playRoshamboTests */,
				3034EDF31C5642900049BB2E /* playRoshamboUITests */,
			);
		};
/* End PBXProject section */

/* Begin PBXResourcesBuildPhase section */
		3034EDD31C56428F0049BB2E /* Resources */ = {
			isa = PBXResourcesBuildPhase;
			buildActionMask = 2147483647;
			files = (
				3034EDE31C56428F0049BB2E /* LaunchScreen.storyboard in Resources */,
				3034EDE01C56428F0049BB2E /* Assets.xcassets in Resources */,
				3034EDDE1C56428F0049BB2E /* Main.storyboard in Resources */,
			);
			runOnlyForDeploymentPostprocessing = 0;
		};
		3034EDE71C5642900049BB2E /* Resources */ = {
			isa = PBXResourcesBuildPhase;
			buildActionMask = 2147483647;
			files = (
			);
			runOnlyForDeploymentPostprocessing = 0;
		};
		3034EDF21C5642900049BB2E /* Resources */ = {
			isa = PBXResourcesBuildPhase;
			buildActionMask = 2147483647;
			files = (
			);
			runOnlyForDeploymentPostprocessing = 0;
		};
/* End PBXResourcesBuildPhase section */

/* Begin PBXSourcesBuildPhase section */
		3034EDD11C56428F0049BB2E /* Sources */ = {
			isa = PBXSourcesBuildPhase;
			buildActionMask = 2147483647;
			files = (
				3034EE071C564CD90049BB2E /* ViewController.swift in Sources */,
				3034EDDB1C56428F0049BB2E /* ResultViewController.swift in Sources */,
				3034EDD91C56428F0049BB2E /* AppDelegate.swift in Sources */,
			);
			runOnlyForDeploymentPostprocessing = 0;
		};
		3034EDE51C5642900049BB2E /* Sources */ = {
			isa = PBXSourcesBuildPhase;
			buildActionMask = 2147483647;
			files = (
				3034EDEE1C5642900049BB2E /* playRoshamboTests.swift in Sources */,
			);
			runOnlyForDeploymentPostprocessing = 0;
		};
		3034EDF01C5642900049BB2E /* Sources */ = {
			isa = PBXSourcesBuildPhase;
			buildActionMask = 2147483647;
			files = (
				3034EDF91C5642900049BB2E /* playRoshamboUITests.swift in Sources */,
			);
			runOnlyForDeploymentPostprocessing = 0;
		};
/* End PBXSourcesBuildPhase section */

/* Begin PBXTargetDependency section */
		3034EDEB1C5642900049BB2E /* PBXTargetDependency */ = {
			isa = PBXTargetDependency;
			target = 3034EDD41C56428F0049BB2E /* playRoshambo */;
			targetProxy = 3034EDEA1C5642900049BB2E /* PBXContainerItemProxy */;
		};
		3034EDF61C5642900049BB2E /* PBXTargetDependency */ = {
			isa = PBXTargetDependency;
			target = 3034EDD41C56428F0049BB2E /* playRoshambo */;
			targetProxy = 3034EDF51C5642900049BB2E /* PBXContainerItemProxy */;
		};
/* End PBXTargetDependency section */

/* Begin PBXVariantGroup section */
		3034EDDC1C56428F0049BB2E /* Main.storyboard */ = {
			isa = PBXVariantGroup;
			children = (
				3034EDDD1C56428F0049BB2E /* Base */,
			);
			name = Main.storyboard;
			sourceTree = "<group>";
		};
		3034EDE11C56428F0049BB2E /* LaunchScreen.storyboard */ = {
			isa = PBXVariantGroup;
			children = (
				3034EDE21C56428F0049BB2E /* Base */,
			);
			name = LaunchScreen.storyboard;
			sourceTree = "<group>";
		};
/* End PBXVariantGroup section */

/* Begin XCBuildConfiguration section */
		3034EDFB1C5642900049BB2E /* Debug */ = {
			isa = XCBuildConfiguration;
			buildSettings = {
				ALWAYS_SEARCH_USER_PATHS = NO;
				CLANG_CXX_LANGUAGE_STANDARD = "gnu++0x";
				CLANG_CXX_LIBRARY = "libc++";
				CLANG_ENABLE_MODULES = YES;
				CLANG_ENABLE_OBJC_ARC = YES;
				CLANG_WARN_BOOL_CONVERSION = YES;
				CLANG_WARN_CONSTANT_CONVERSION = YES;
				CLANG_WARN_DIRECT_OBJC_ISA_USAGE = YES_ERROR;
				CLANG_WARN_EMPTY_BODY = YES;
				CLANG_WARN_ENUM_CONVERSION = YES;
				CLANG_WARN_INT_CONVERSION = YES;
				CLANG_WARN_OBJC_ROOT_CLASS = YES_ERROR;
				CLANG_WARN_UNREACHABLE_CODE = YES;
				CLANG_WARN__DUPLICATE_METHOD_MATCH = YES;
				"CODE_SIGN_IDENTITY[sdk=iphoneos*]" = "iPhone Developer";
				COPY_PHASE_STRIP = NO;
				DEBUG_INFORMATION_FORMAT = dwarf;
				ENABLE_STRICT_OBJC_MSGSEND = YES;
				ENABLE_TESTABILITY = YES;
				GCC_C_LANGUAGE_STANDARD = gnu99;
				GCC_DYNAMIC_NO_PIC = NO;
				GCC_NO_COMMON_BLOCKS = YES;
				GCC_OPTIMIZATION_LEVEL = 0;
				GCC_PREPROCESSOR_DEFINITIONS = (
					"DEBUG=1",
					"$(inherited)",
				);
				GCC_WARN_64_TO_32_BIT_CONVERSION = YES;
				GCC_WARN_ABOUT_RETURN_TYPE = YES_ERROR;
				GCC_WARN_UNDECLARED_SELECTOR = YES;
				GCC_WARN_UNINITIALIZED_AUTOS = YES_AGGRESSIVE;
				GCC_WARN_UNUSED_FUNCTION = YES;
				GCC_WARN_UNUSED_VARIABLE = YES;
				IPHONEOS_DEPLOYMENT_TARGET = 9.2;
				MTL_ENABLE_DEBUG_INFO = YES;
				ONLY_ACTIVE_ARCH = YES;
				SDKROOT = iphoneos;
				SWIFT_OPTIMIZATION_LEVEL = "-Onone";
			};
			name = Debug;
		};
		3034EDFC1C5642900049BB2E /* Release */ = {
			isa = XCBuildConfiguration;
			buildSettings = {
				ALWAYS_SEARCH_USER_PATHS = NO;
				CLANG_CXX_LANGUAGE_STANDARD = "gnu++0x";
				CLANG_CXX_LIBRARY = "libc++";
				CLANG_ENABLE_MODULES = YES;
				CLANG_ENABLE_OBJC_ARC = YES;
				CLANG_WARN_BOOL_CONVERSION = YES;
				CLANG_WARN_CONSTANT_CONVERSION = YES;
				CLANG_WARN_DIRECT_OBJC_ISA_USAGE = YES_ERROR;
				CLANG_WARN_EMPTY_BODY = YES;
				CLANG_WARN_ENUM_CONVERSION = YES;
				CLANG_WARN_INT_CONVERSION = YES;
				CLANG_WARN_OBJC_ROOT_CLASS = YES_ERROR;
				CLANG_WARN_UNREACHABLE_CODE = YES;
				CLANG_WARN__DUPLICATE_METHOD_MATCH = YES;
				"CODE_SIGN_IDENTITY[sdk=iphoneos*]" = "iPhone Developer";
				COPY_PHASE_STRIP = NO;
				DEBUG_INFORMATION_FORMAT = "dwarf-with-dsym";
				ENABLE_NS_ASSERTIONS = NO;
				ENABLE_STRICT_OBJC_MSGSEND = YES;
				GCC_C_LANGUAGE_STANDARD = gnu99;
				GCC_NO_COMMON_BLOCKS = YES;
				GCC_WARN_64_TO_32_BIT_CONVERSION = YES;
				GCC_WARN_ABOUT_RETURN_TYPE = YES_ERROR;
				GCC_WARN_UNDECLARED_SELECTOR = YES;
				GCC_WARN_UNINITIALIZED_AUTOS = YES_AGGRESSIVE;
				GCC_WARN_UNUSED_FUNCTION = YES;
				GCC_WARN_UNUSED_VARIABLE = YES;
				IPHONEOS_DEPLOYMENT_TARGET = 9.2;
				MTL_ENABLE_DEBUG_INFO = NO;
				SDKROOT = iphoneos;
				VALIDATE_PRODUCT = YES;
			};
			name = Release;
		};
		3034EDFE1C5642900049BB2E /* Debug */ = {
			isa = XCBuildConfiguration;
			buildSettings = {
				ASSETCATALOG_COMPILER_APPICON_NAME = AppIcon;
				INFOPLIST_FILE = playRoshambo/Info.plist;
				LD_RUNPATH_SEARCH_PATHS = "$(inherited) @executable_path/Frameworks";
				PRODUCT_BUNDLE_IDENTIFIER = "com.ra-portfolio.playRoshambo";
				PRODUCT_NAME = "$(TARGET_NAME)";
			};
			name = Debug;
		};
		3034EDFF1C5642900049BB2E /* Release */ = {
			isa = XCBuildConfiguration;
			buildSettings = {
				ASSETCATALOG_COMPILER_APPICON_NAME = AppIcon;
				INFOPLIST_FILE = playRoshambo/Info.plist;
				LD_RUNPATH_SEARCH_PATHS = "$(inherited) @executable_path/Frameworks";
				PRODUCT_BUNDLE_IDENTIFIER = "com.ra-portfolio.playRoshambo";
				PRODUCT_NAME = "$(TARGET_NAME)";
			};
			name = Release;
		};
		3034EE011C5642900049BB2E /* Debug */ = {
			isa = XCBuildConfiguration;
			buildSettings = {
				BUNDLE_LOADER = "$(TEST_HOST)";
				INFOPLIST_FILE = playRoshamboTests/Info.plist;
				LD_RUNPATH_SEARCH_PATHS = "$(inherited) @executable_path/Frameworks @loader_path/Frameworks";
				PRODUCT_BUNDLE_IDENTIFIER = "com.ra-portfolio.playRoshamboTests";
				PRODUCT_NAME = "$(TARGET_NAME)";
				TEST_HOST = "$(BUILT_PRODUCTS_DIR)/playRoshambo.app/playRoshambo";
			};
			name = Debug;
		};
		3034EE021C5642900049BB2E /* Release */ = {
			isa = XCBuildConfiguration;
			buildSettings = {
				BUNDLE_LOADER = "$(TEST_HOST)";
				INFOPLIST_FILE = playRoshamboTests/Info.plist;
				LD_RUNPATH_SEARCH_PATHS = "$(inherited) @executable_path/Frameworks @loader_path/Frameworks";
				PRODUCT_BUNDLE_IDENTIFIER = "com.ra-portfolio.playRoshamboTests";
				PRODUCT_NAME = "$(TARGET_NAME)";
				TEST_HOST = "$(BUILT_PRODUCTS_DIR)/playRoshambo.app/playRoshambo";
			};
			name = Release;
		};
		3034EE041C5642900049BB2E /* Debug */ = {
			isa = XCBuildConfiguration;
			buildSettings = {
				INFOPLIST_FILE = playRoshamboUITests/Info.plist;
				LD_RUNPATH_SEARCH_PATHS = "$(inherited) @executable_path/Frameworks @loader_path/Frameworks";
				PRODUCT_BUNDLE_IDENTIFIER = "com.ra-portfolio.playRoshamboUITests";
				PRODUCT_NAME = "$(TARGET_NAME)";
				TEST_TARGET_NAME = playRoshambo;
				USES_XCTRUNNER = YES;
			};
			name = Debug;
		};
		3034EE051C5642900049BB2E /* Release */ = {
			isa = XCBuildConfiguration;
			buildSettings = {
				INFOPLIST_FILE = playRoshamboUITests/Info.plist;
				LD_RUNPATH_SEARCH_PATHS = "$(inherited) @executable_path/Frameworks @loader_path/Frameworks";
				PRODUCT_BUNDLE_IDENTIFIER = "com.ra-portfolio.playRoshamboUITests";
				PRODUCT_NAME = "$(TARGET_NAME)";
				TEST_TARGET_NAME = playRoshambo;
				USES_XCTRUNNER = YES;
			};
			name = Release;
		};
/* End XCBuildConfiguration section */

/* Begin XCConfigurationList section */
		3034EDD01C56428F0049BB2E /* Build configuration list for PBXProject "playRoshambo" */ = {
			isa = XCConfigurationList;
			buildConfigurations = (
				3034EDFB1C5642900049BB2E /* Debug */,
				3034EDFC1C5642900049BB2E /* Release */,
			);
			defaultConfigurationIsVisible = 0;
			defaultConfigurationName = Release;
		};
		3034EDFD1C5642900049BB2E /* Build configuration list for PBXNativeTarget "playRoshambo" */ = {
			isa = XCConfigurationList;
			buildConfigurations = (
				3034EDFE1C5642900049BB2E /* Debug */,
				3034EDFF1C5642900049BB2E /* Release */,
			);
			defaultConfigurationIsVisible = 0;
		};
		3034EE001C5642900049BB2E /* Build configuration list for PBXNativeTarget "playRoshamboTests" */ = {
			isa = XCConfigurationList;
			buildConfigurations = (
				3034EE011C5642900049BB2E /* Debug */,
				3034EE021C5642900049BB2E /* Release */,
			);
			defaultConfigurationIsVisible = 0;
		};
		3034EE031C5642900049BB2E /* Build configuration list for PBXNativeTarget "playRoshamboUITests" */ = {
			isa = XCConfigurationList;
			buildConfigurations = (
				3034EE041C5642900049BB2E /* Debug */,
				3034EE051C5642900049BB2E /* Release */,
			);
			defaultConfigurationIsVisible = 0;
		};
/* End XCConfigurationList section */
	};
	rootObject = 3034EDCD1C56428F0049BB2E /* Project object */;
}
